
Microsoft Visual Studio Solution File, Format Version 12.00
# Visual Studio Version 17
VisualStudioVersion = 17.10.34916.146
MinimumVisualStudioVersion = 10.0.40219.1
Project("{FAE04EC0-301F-11D3-BF4B-00C04F79EFBC}") = "HotelManagementSystem", "HotelManagementSystem\HotelManagementSystem.csproj", "{9AC6D0D5-C53F-4ADE-BE9C-421FE7CBF73C}"
EndProject
Global
	GlobalSection(SolutionConfigurationPlatforms) = preSolution
		Debug|Any CPU = Debug|Any CPU
		Release|Any CPU = Release|Any CPU
	EndGlobalSection
	GlobalSection(ProjectConfigurationPlatforms) = postSolution
		{9AC6D0D5-C53F-4ADE-BE9C-421FE7CBF73C}.Debug|Any CPU.ActiveCfg = Debug|Any CPU
		{9AC6D0D5-C53F-4ADE-BE9C-421FE7CBF73C}.Debug|Any CPU.Build.0 = Debug|Any CPU
		{9AC6D0D5-C53F-4ADE-BE9C-421FE7CBF73C}.Release|Any CPU.ActiveCfg = Release|Any CPU
		{9AC6D0D5-C53F-4ADE-BE9C-421FE7CBF73C}.Release|Any CPU.Build.0 = Release|Any CPU
	EndGlobalSection
	GlobalSection(SolutionProperties) = preSolution
		HideSolutionNode = FALSE
	EndGlobalSection
	GlobalSection(ExtensibilityGlobals) = postSolution
		SolutionGuid = {5842883A-1174-4961-9289-D996A66DC63E}
	EndGlobalSection
EndGlobal
